{
  "name": "officegrep",
  "version": "1.0.0",
  "lockfileVersion": 2,
  "requires": true,
  "packages": {
    "": {
      "version": "1.0.0",
      "license": "MIT",
      "dependencies": {
        "adm-zip": "^0.5.9",
        "node-xml-stream": "^1.0.2"
      }
    },
    "node_modules/adm-zip": {
      "version": "0.5.9",
      "resolved": "https://registry.npmjs.org/adm-zip/-/adm-zip-0.5.9.tgz",
      "integrity": "sha512-s+3fXLkeeLjZ2kLjCBwQufpI5fuN+kIGBxu6530nVQZGVol0d7Y/M88/xw9HGGUcJjKf8LutN3VPRUBq6N7Ajg==",
      "engines": {
        "node": ">=6.0"
      }
    },
    "node_modules/node-xml-stream": {
      "version": "1.0.2",
      "resolved": "https://registry.npmjs.org/node-xml-stream/-/node-xml-stream-1.0.2.tgz",
      "integrity": "sha512-W4LzsKQ1x3TldQQmXZfM/JO+3SPp+zzvA2Nf82chE7vXnZy7LqHjIqQe9yDUw58g2fTOaJo+DlPnIDfmozgsuw=="
    }
  },
  "dependencies": {
    "adm-zip": {
      "version": "0.5.9",
      "resolved": "https://registry.npmjs.org/adm-zip/-/adm-zip-0.5.9.tgz",
      "integrity": "sha512-s+3fXLkeeLjZ2kLjCBwQufpI5fuN+kIGBxu6530nVQZGVol0d7Y/M88/xw9HGGUcJjKf8LutN3VPRUBq6N7Ajg=="
    },
    "node-xml-stream": {
      "version": "1.0.2",
      "resolved": "https://registry.npmjs.org/node-xml-stream/-/node-xml-stream-1.0.2.tgz",
      "integrity": "sha512-W4LzsKQ1x3TldQQmXZfM/JO+3SPp+zzvA2Nf82chE7vXnZy7LqHjIqQe9yDUw58g2fTOaJo+DlPnIDfmozgsuw=="
    }
  }
}
